
Microsoft Visual Studio Solution File, Format Version 12.00
# Visual Studio Version 17
VisualStudioVersion = 17.13.35806.99 d17.13
MinimumVisualStudioVersion = 10.0.40219.1
Project("{FAE04EC0-301F-11D3-BF4B-00C04F79EFBC}") = "SocietyDBAdminPanel", "SocietyDBAdminPanel\SocietyDBAdminPanel.csproj", "{448D6078-C82E-4BB5-BF87-05999A8BEE65}"
EndProject
Global
	GlobalSection(SolutionConfigurationPlatforms) = preSolution
		Debug|Any CPU = Debug|Any CPU
		Release|Any CPU = Release|Any CPU
	EndGlobalSection
	GlobalSection(ProjectConfigurationPlatforms) = postSolution
		{448D6078-C82E-4BB5-BF87-05999A8BEE65}.Debug|Any CPU.ActiveCfg = Debug|Any CPU
		{448D6078-C82E-4BB5-BF87-05999A8BEE65}.Debug|Any CPU.Build.0 = Debug|Any CPU
		{448D6078-C82E-4BB5-BF87-05999A8BEE65}.Release|Any CPU.ActiveCfg = Release|Any CPU
		{448D6078-C82E-4BB5-BF87-05999A8BEE65}.Release|Any CPU.Build.0 = Release|Any CPU
	EndGlobalSection
	GlobalSection(SolutionProperties) = preSolution
		HideSolutionNode = FALSE
	EndGlobalSection
	GlobalSection(ExtensibilityGlobals) = postSolution
		SolutionGuid = {042099EF-1061-41C1-AC23-CF54DD9719A7}
	EndGlobalSection
EndGlobal
